
Microsoft Visual Studio Solution File, Format Version 12.00
# Visual Studio Version 17
VisualStudioVersion = 17.1.32407.343
MinimumVisualStudioVersion = 10.0.40219.1
Project("{FAE04EC0-301F-11D3-BF4B-00C04F79EFBC}") = "FidoDidoGame", "FidoDidoGame\FidoDidoGame.csproj", "{C2C16B03-03FC-4D25-8903-309EEB6D27AE}"
EndProject
Global
	GlobalSection(SolutionConfigurationPlatforms) = preSolution
		Debug|Any CPU = Debug|Any CPU
		Release|Any CPU = Release|Any CPU
	EndGlobalSection
	GlobalSection(ProjectConfigurationPlatforms) = postSolution
		{C2C16B03-03FC-4D25-8903-309EEB6D27AE}.Debug|Any CPU.ActiveCfg = Debug|Any CPU
		{C2C16B03-03FC-4D25-8903-309EEB6D27AE}.Debug|Any CPU.Build.0 = Debug|Any CPU
		{C2C16B03-03FC-4D25-8903-309EEB6D27AE}.Release|Any CPU.ActiveCfg = Release|Any CPU
		{C2C16B03-03FC-4D25-8903-309EEB6D27AE}.Release|Any CPU.Build.0 = Release|Any CPU
	EndGlobalSection
	GlobalSection(SolutionProperties) = preSolution
		HideSolutionNode = FALSE
	EndGlobalSection
	GlobalSection(ExtensibilityGlobals) = postSolution
		SolutionGuid = {132DD06E-4154-4010-883D-23037536E1AD}
	EndGlobalSection
EndGlobal
